
Microsoft Visual Studio Solution File, Format Version 12.00
# Visual Studio Version 17
VisualStudioVersion = 17.4.33205.214
MinimumVisualStudioVersion = 10.0.40219.1
Project("{9A19103F-16F7-4668-BE54-9A1E7A4F7556}") = "CKK.Logic", "CKK.Logic.csproj", "{5758D833-8493-43E4-B495-EFD2EBE066B7}"
EndProject
Project("{9A19103F-16F7-4668-BE54-9A1E7A4F7556}") = "CKK.UI", "..\CKK.UI\CKK.UI.csproj", "{416B5026-3CEE-4C3C-AE47-63D24C22CDA9}"
	ProjectSection(ProjectDependencies) = postProject
		{F8A1CCF1-6064-454C-8825-C49537F15FF7} = {F8A1CCF1-6064-454C-8825-C49537F15FF7}
	EndProjectSection
EndProject
Project("{9A19103F-16F7-4668-BE54-9A1E7A4F7556}") = "CKK.Persistance", "..\CKK.Persistance\CKK.Persistance.csproj", "{17221863-A44E-44CC-99E1-837578F238FA}"
	ProjectSection(ProjectDependencies) = postProject
		{5758D833-8493-43E4-B495-EFD2EBE066B7} = {5758D833-8493-43E4-B495-EFD2EBE066B7}
	EndProjectSection
EndProject
Project("{9A19103F-16F7-4668-BE54-9A1E7A4F7556}") = "CKK.DB", "..\CKK.DB\CKK.DB.csproj", "{F8A1CCF1-6064-454C-8825-C49537F15FF7}"
	ProjectSection(ProjectDependencies) = postProject
		{5758D833-8493-43E4-B495-EFD2EBE066B7} = {5758D833-8493-43E4-B495-EFD2EBE066B7}
	EndProjectSection
EndProject
Project("{FAE04EC0-301F-11D3-BF4B-00C04F79EFBC}") = "CKK.Web", "..\CKK.Web\CKK.Web.csproj", "{C4FA7485-A838-4D3C-B8B7-C05C0B9B8134}"
EndProject
Global
	GlobalSection(SolutionConfigurationPlatforms) = preSolution
		Debug|Any CPU = Debug|Any CPU
		Release|Any CPU = Release|Any CPU
	EndGlobalSection
	GlobalSection(ProjectConfigurationPlatforms) = postSolution
		{5758D833-8493-43E4-B495-EFD2EBE066B7}.Debug|Any CPU.ActiveCfg = Debug|Any CPU
		{5758D833-8493-43E4-B495-EFD2EBE066B7}.Debug|Any CPU.Build.0 = Debug|Any CPU
		{5758D833-8493-43E4-B495-EFD2EBE066B7}.Release|Any CPU.ActiveCfg = Release|Any CPU
		{5758D833-8493-43E4-B495-EFD2EBE066B7}.Release|Any CPU.Build.0 = Release|Any CPU
		{416B5026-3CEE-4C3C-AE47-63D24C22CDA9}.Debug|Any CPU.ActiveCfg = Debug|Any CPU
		{416B5026-3CEE-4C3C-AE47-63D24C22CDA9}.Debug|Any CPU.Build.0 = Debug|Any CPU
		{416B5026-3CEE-4C3C-AE47-63D24C22CDA9}.Debug|Any CPU.Deploy.0 = Debug|Any CPU
		{416B5026-3CEE-4C3C-AE47-63D24C22CDA9}.Release|Any CPU.ActiveCfg = Release|Any CPU
		{416B5026-3CEE-4C3C-AE47-63D24C22CDA9}.Release|Any CPU.Build.0 = Release|Any CPU
		{416B5026-3CEE-4C3C-AE47-63D24C22CDA9}.Release|Any CPU.Deploy.0 = Release|Any CPU
		{17221863-A44E-44CC-99E1-837578F238FA}.Debug|Any CPU.ActiveCfg = Debug|Any CPU
		{17221863-A44E-44CC-99E1-837578F238FA}.Debug|Any CPU.Build.0 = Debug|Any CPU
		{17221863-A44E-44CC-99E1-837578F238FA}.Release|Any CPU.ActiveCfg = Release|Any CPU
		{17221863-A44E-44CC-99E1-837578F238FA}.Release|Any CPU.Build.0 = Release|Any CPU
		{F8A1CCF1-6064-454C-8825-C49537F15FF7}.Debug|Any CPU.ActiveCfg = Debug|Any CPU
		{F8A1CCF1-6064-454C-8825-C49537F15FF7}.Debug|Any CPU.Build.0 = Debug|Any CPU
		{F8A1CCF1-6064-454C-8825-C49537F15FF7}.Release|Any CPU.ActiveCfg = Release|Any CPU
		{F8A1CCF1-6064-454C-8825-C49537F15FF7}.Release|Any CPU.Build.0 = Release|Any CPU
		{C4FA7485-A838-4D3C-B8B7-C05C0B9B8134}.Debug|Any CPU.ActiveCfg = Debug|Any CPU
		{C4FA7485-A838-4D3C-B8B7-C05C0B9B8134}.Debug|Any CPU.Build.0 = Debug|Any CPU
		{C4FA7485-A838-4D3C-B8B7-C05C0B9B8134}.Release|Any CPU.ActiveCfg = Release|Any CPU
		{C4FA7485-A838-4D3C-B8B7-C05C0B9B8134}.Release|Any CPU.Build.0 = Release|Any CPU
	EndGlobalSection
	GlobalSection(SolutionProperties) = preSolution
		HideSolutionNode = FALSE
	EndGlobalSection
	GlobalSection(ExtensibilityGlobals) = postSolution
		SolutionGuid = {9D0DAB65-7002-4461-B400-2F9CACF846CE}
	EndGlobalSection
EndGlobal
